
Microsoft Visual Studio Solution File, Format Version 12.00
# Visual Studio Version 17
VisualStudioVersion = 17.5.002.0
MinimumVisualStudioVersion = 10.0.40219.1
Project("{2150E333-8FDC-42A3-9474-1A3956D46DE8}") = "ChallengeProject", "ChallengeProject", "{FA108164-BCF3-4BCB-BB6F-201D5DB683FF}"
EndProject
Project("{9A19103F-16F7-4668-BE54-9A1E7A4F7556}") = "Final", "ChallengeProject\Final\Final.csproj", "{7ED3A2E9-957C-4C50-86BB-AC5C629AF29D}"
EndProject
Project("{9A19103F-16F7-4668-BE54-9A1E7A4F7556}") = "Starter", "ChallengeProject\Starter\Starter.csproj", "{E0E99F7F-F2BB-4F86-B44A-F3860CA3681A}"
EndProject
Global
	GlobalSection(SolutionConfigurationPlatforms) = preSolution
		Debug|Any CPU = Debug|Any CPU
		Release|Any CPU = Release|Any CPU
	EndGlobalSection
	GlobalSection(ProjectConfigurationPlatforms) = postSolution
		{7ED3A2E9-957C-4C50-86BB-AC5C629AF29D}.Debug|Any CPU.ActiveCfg = Debug|Any CPU
		{7ED3A2E9-957C-4C50-86BB-AC5C629AF29D}.Debug|Any CPU.Build.0 = Debug|Any CPU
		{7ED3A2E9-957C-4C50-86BB-AC5C629AF29D}.Release|Any CPU.ActiveCfg = Release|Any CPU
		{7ED3A2E9-957C-4C50-86BB-AC5C629AF29D}.Release|Any CPU.Build.0 = Release|Any CPU
		{E0E99F7F-F2BB-4F86-B44A-F3860CA3681A}.Debug|Any CPU.ActiveCfg = Debug|Any CPU
		{E0E99F7F-F2BB-4F86-B44A-F3860CA3681A}.Debug|Any CPU.Build.0 = Debug|Any CPU
		{E0E99F7F-F2BB-4F86-B44A-F3860CA3681A}.Release|Any CPU.ActiveCfg = Release|Any CPU
		{E0E99F7F-F2BB-4F86-B44A-F3860CA3681A}.Release|Any CPU.Build.0 = Release|Any CPU
	EndGlobalSection
	GlobalSection(SolutionProperties) = preSolution
		HideSolutionNode = FALSE
	EndGlobalSection
	GlobalSection(NestedProjects) = preSolution
		{7ED3A2E9-957C-4C50-86BB-AC5C629AF29D} = {FA108164-BCF3-4BCB-BB6F-201D5DB683FF}
		{E0E99F7F-F2BB-4F86-B44A-F3860CA3681A} = {FA108164-BCF3-4BCB-BB6F-201D5DB683FF}
	EndGlobalSection
	GlobalSection(ExtensibilityGlobals) = postSolution
		SolutionGuid = {7BC49EBC-AAEA-43A5-AC99-F31A30CE095D}
	EndGlobalSection
EndGlobal
